
Microsoft Visual Studio Solution File, Format Version 12.00
# Visual Studio Version 17
VisualStudioVersion = 17.10.34928.147
MinimumVisualStudioVersion = 10.0.40219.1
Project("{FAE04EC0-301F-11D3-BF4B-00C04F79EFBC}") = "Microservice Architechture", "Microservice Architechture.csproj", "{2EE01090-5F15-43AB-848E-17B6E875929A}"
EndProject
Global
	GlobalSection(SolutionConfigurationPlatforms) = preSolution
		Debug|Any CPU = Debug|Any CPU
		Release|Any CPU = Release|Any CPU
	EndGlobalSection
	GlobalSection(ProjectConfigurationPlatforms) = postSolution
		{2EE01090-5F15-43AB-848E-17B6E875929A}.Debug|Any CPU.ActiveCfg = Debug|Any CPU
		{2EE01090-5F15-43AB-848E-17B6E875929A}.Debug|Any CPU.Build.0 = Debug|Any CPU
		{2EE01090-5F15-43AB-848E-17B6E875929A}.Release|Any CPU.ActiveCfg = Release|Any CPU
		{2EE01090-5F15-43AB-848E-17B6E875929A}.Release|Any CPU.Build.0 = Release|Any CPU
	EndGlobalSection
	GlobalSection(SolutionProperties) = preSolution
		HideSolutionNode = FALSE
	EndGlobalSection
	GlobalSection(ExtensibilityGlobals) = postSolution
		SolutionGuid = {8F330341-29EC-4E5F-B627-82D4B2358DB5}
	EndGlobalSection
EndGlobal
